{
    "name": "@bric/webmunk-page-events",
    "version": "0.0.1",
    "lockfileVersion": 3,
    "requires": true,
    "packages": {
        "": {
            "name": "@bric/webmunk-page-events",
            "version": "0.0.1",
            "license": "UNLICENSED",
            "dependencies": {
                "@bric/webmunk-core": "../../local_modules/webmunk-core/package.json"
            },
            "devDependencies": {
                "typescript": "^5.9.2"
            }
        },
        "../webmunk-core/package.json": {},
        "node_modules/@bric/webmunk-core": {
            "resolved": "../webmunk-core/package.json",
            "link": true
        },
        "node_modules/typescript": {
            "version": "5.9.3",
            "resolved": "https://registry.npmjs.org/typescript/-/typescript-5.9.3.tgz",
            "integrity": "sha512-jl1vZzPDinLr9eUt3J/t7V6FgNEw9QjvBPdysz9KfQDD41fQrC2Y4vKQdiaUpFT4bXlb1RHhLpp8wtm6M5TgSw==",
            "dev": true,
            "license": "Apache-2.0",
            "bin": {
                "tsc": "bin/tsc",
                "tsserver": "bin/tsserver"
            },
            "engines": {
                "node": ">=14.17"
            }
        }
    }
}
